
Microsoft Visual Studio Solution File, Format Version 12.00
# Visual Studio Version 17
VisualStudioVersion = 17.14.36401.2 d17.14
MinimumVisualStudioVersion = 10.0.40219.1
Project("{2150E333-8FDC-42A3-9474-1A3956D46DE8}") = "src", "src", "{02EA681E-C7D8-13C7-8484-4AC65E1B71E8}"
EndProject
Project("{FAE04EC0-301F-11D3-BF4B-00C04F79EFBC}") = "Travelnsight.App", "Travelnsight.App\Travelnsight.App.csproj", "{A90A0E2D-F8DE-4009-A42C-061BFBE16C72}"
EndProject
Project("{FAE04EC0-301F-11D3-BF4B-00C04F79EFBC}") = "Travelnsight.Api", "Travelnsight.Api\Travelnsight.Api.csproj", "{BDF9A313-7B18-4ED0-BBC8-FC22BA9FEAD2}"
EndProject
Project("{FAE04EC0-301F-11D3-BF4B-00C04F79EFBC}") = "Travelnsight.Infraestructure", "Travelnsight.Infraestructure\Travelnsight.Infraestructure.csproj", "{BFC034E5-2889-4860-8D55-A8A134EDF7D1}"
EndProject
Project("{FAE04EC0-301F-11D3-BF4B-00C04F79EFBC}") = "Travelnsight.Domain", "Travelnsight.Domain\Travelnsight.Domain.csproj", "{8397C213-C9E7-436D-87B6-EF9AFA82D451}"
EndProject
Project("{FAE04EC0-301F-11D3-BF4B-00C04F79EFBC}") = "Travelnsight.Application", "Travelnsight.Application\Travelnsight.Application.csproj", "{BC097CF1-D800-4D76-B9C7-01DE134D3D06}"
EndProject
Global
	GlobalSection(SolutionConfigurationPlatforms) = preSolution
		Debug|Any CPU = Debug|Any CPU
		Release|Any CPU = Release|Any CPU
	EndGlobalSection
	GlobalSection(ProjectConfigurationPlatforms) = postSolution
		{A90A0E2D-F8DE-4009-A42C-061BFBE16C72}.Debug|Any CPU.ActiveCfg = Debug|Any CPU
		{A90A0E2D-F8DE-4009-A42C-061BFBE16C72}.Debug|Any CPU.Build.0 = Debug|Any CPU
		{A90A0E2D-F8DE-4009-A42C-061BFBE16C72}.Debug|Any CPU.Deploy.0 = Debug|Any CPU
		{A90A0E2D-F8DE-4009-A42C-061BFBE16C72}.Release|Any CPU.ActiveCfg = Release|Any CPU
		{A90A0E2D-F8DE-4009-A42C-061BFBE16C72}.Release|Any CPU.Build.0 = Release|Any CPU
		{A90A0E2D-F8DE-4009-A42C-061BFBE16C72}.Release|Any CPU.Deploy.0 = Release|Any CPU
		{BDF9A313-7B18-4ED0-BBC8-FC22BA9FEAD2}.Debug|Any CPU.ActiveCfg = Debug|Any CPU
		{BDF9A313-7B18-4ED0-BBC8-FC22BA9FEAD2}.Debug|Any CPU.Build.0 = Debug|Any CPU
		{BDF9A313-7B18-4ED0-BBC8-FC22BA9FEAD2}.Release|Any CPU.ActiveCfg = Release|Any CPU
		{BDF9A313-7B18-4ED0-BBC8-FC22BA9FEAD2}.Release|Any CPU.Build.0 = Release|Any CPU
		{BFC034E5-2889-4860-8D55-A8A134EDF7D1}.Debug|Any CPU.ActiveCfg = Debug|Any CPU
		{BFC034E5-2889-4860-8D55-A8A134EDF7D1}.Debug|Any CPU.Build.0 = Debug|Any CPU
		{BFC034E5-2889-4860-8D55-A8A134EDF7D1}.Release|Any CPU.ActiveCfg = Release|Any CPU
		{BFC034E5-2889-4860-8D55-A8A134EDF7D1}.Release|Any CPU.Build.0 = Release|Any CPU
		{8397C213-C9E7-436D-87B6-EF9AFA82D451}.Debug|Any CPU.ActiveCfg = Debug|Any CPU
		{8397C213-C9E7-436D-87B6-EF9AFA82D451}.Debug|Any CPU.Build.0 = Debug|Any CPU
		{8397C213-C9E7-436D-87B6-EF9AFA82D451}.Release|Any CPU.ActiveCfg = Release|Any CPU
		{8397C213-C9E7-436D-87B6-EF9AFA82D451}.Release|Any CPU.Build.0 = Release|Any CPU
		{BC097CF1-D800-4D76-B9C7-01DE134D3D06}.Debug|Any CPU.ActiveCfg = Debug|Any CPU
		{BC097CF1-D800-4D76-B9C7-01DE134D3D06}.Debug|Any CPU.Build.0 = Debug|Any CPU
		{BC097CF1-D800-4D76-B9C7-01DE134D3D06}.Release|Any CPU.ActiveCfg = Release|Any CPU
		{BC097CF1-D800-4D76-B9C7-01DE134D3D06}.Release|Any CPU.Build.0 = Release|Any CPU
	EndGlobalSection
	GlobalSection(SolutionProperties) = preSolution
		HideSolutionNode = FALSE
	EndGlobalSection
	GlobalSection(NestedProjects) = preSolution
		{A90A0E2D-F8DE-4009-A42C-061BFBE16C72} = {02EA681E-C7D8-13C7-8484-4AC65E1B71E8}
		{BDF9A313-7B18-4ED0-BBC8-FC22BA9FEAD2} = {02EA681E-C7D8-13C7-8484-4AC65E1B71E8}
		{BFC034E5-2889-4860-8D55-A8A134EDF7D1} = {02EA681E-C7D8-13C7-8484-4AC65E1B71E8}
		{8397C213-C9E7-436D-87B6-EF9AFA82D451} = {02EA681E-C7D8-13C7-8484-4AC65E1B71E8}
		{BC097CF1-D800-4D76-B9C7-01DE134D3D06} = {02EA681E-C7D8-13C7-8484-4AC65E1B71E8}
	EndGlobalSection
	GlobalSection(ExtensibilityGlobals) = postSolution
		SolutionGuid = {13036270-244F-492B-959A-230BC2ED374A}
	EndGlobalSection
EndGlobal
